
Microsoft Visual Studio Solution File, Format Version 12.00
# Visual Studio Version 17
VisualStudioVersion = 17.9.34622.214
MinimumVisualStudioVersion = 10.0.40219.1
Project("{FAE04EC0-301F-11D3-BF4B-00C04F79EFBC}") = "PortfolioBlazor", "PortfolioBlazor\PortfolioBlazor.csproj", "{1D3E07FE-F27A-45B0-9264-50C3BAFB159E}"
EndProject
Global
	GlobalSection(SolutionConfigurationPlatforms) = preSolution
		Debug|Any CPU = Debug|Any CPU
		Release|Any CPU = Release|Any CPU
	EndGlobalSection
	GlobalSection(ProjectConfigurationPlatforms) = postSolution
		{1D3E07FE-F27A-45B0-9264-50C3BAFB159E}.Debug|Any CPU.ActiveCfg = Debug|Any CPU
		{1D3E07FE-F27A-45B0-9264-50C3BAFB159E}.Debug|Any CPU.Build.0 = Debug|Any CPU
		{1D3E07FE-F27A-45B0-9264-50C3BAFB159E}.Release|Any CPU.ActiveCfg = Release|Any CPU
		{1D3E07FE-F27A-45B0-9264-50C3BAFB159E}.Release|Any CPU.Build.0 = Release|Any CPU
	EndGlobalSection
	GlobalSection(SolutionProperties) = preSolution
		HideSolutionNode = FALSE
	EndGlobalSection
	GlobalSection(ExtensibilityGlobals) = postSolution
		SolutionGuid = {2F16DFC4-6340-499B-AF99-7162E4903056}
	EndGlobalSection
EndGlobal
